
Microsoft Visual Studio Solution File, Format Version 12.00
# Visual Studio Version 16
VisualStudioVersion = 16.0.34301.259
MinimumVisualStudioVersion = 10.0.40219.1
Project("{FAE04EC0-301F-11D3-BF4B-00C04F79EFBC}") = "CarInsurance2", "CarInsurance2\CarInsurance2.csproj", "{B5AD0B40-4483-461A-8267-BA5613780E93}"
EndProject
Global
	GlobalSection(SolutionConfigurationPlatforms) = preSolution
		Debug|Any CPU = Debug|Any CPU
		Release|Any CPU = Release|Any CPU
	EndGlobalSection
	GlobalSection(ProjectConfigurationPlatforms) = postSolution
		{B5AD0B40-4483-461A-8267-BA5613780E93}.Debug|Any CPU.ActiveCfg = Debug|Any CPU
		{B5AD0B40-4483-461A-8267-BA5613780E93}.Debug|Any CPU.Build.0 = Debug|Any CPU
		{B5AD0B40-4483-461A-8267-BA5613780E93}.Release|Any CPU.ActiveCfg = Release|Any CPU
		{B5AD0B40-4483-461A-8267-BA5613780E93}.Release|Any CPU.Build.0 = Release|Any CPU
	EndGlobalSection
	GlobalSection(SolutionProperties) = preSolution
		HideSolutionNode = FALSE
	EndGlobalSection
	GlobalSection(ExtensibilityGlobals) = postSolution
		SolutionGuid = {08C87CEF-5DC9-4C32-89EF-5FC6AED23F1E}
	EndGlobalSection
EndGlobal
