
Microsoft Visual Studio Solution File, Format Version 12.00
# Visual Studio Version 16
VisualStudioVersion = 16.0.34301.259
MinimumVisualStudioVersion = 10.0.40219.1
Project("{FAE04EC0-301F-11D3-BF4B-00C04F79EFBC}") = "CallingMethods", "CallingMethods\CallingMethods.csproj", "{669D63B6-DC3D-486E-A600-9D56047C2353}"
EndProject
Global
	GlobalSection(SolutionConfigurationPlatforms) = preSolution
		Debug|Any CPU = Debug|Any CPU
		Release|Any CPU = Release|Any CPU
	EndGlobalSection
	GlobalSection(ProjectConfigurationPlatforms) = postSolution
		{669D63B6-DC3D-486E-A600-9D56047C2353}.Debug|Any CPU.ActiveCfg = Debug|Any CPU
		{669D63B6-DC3D-486E-A600-9D56047C2353}.Debug|Any CPU.Build.0 = Debug|Any CPU
		{669D63B6-DC3D-486E-A600-9D56047C2353}.Release|Any CPU.ActiveCfg = Release|Any CPU
		{669D63B6-DC3D-486E-A600-9D56047C2353}.Release|Any CPU.Build.0 = Release|Any CPU
	EndGlobalSection
	GlobalSection(SolutionProperties) = preSolution
		HideSolutionNode = FALSE
	EndGlobalSection
	GlobalSection(ExtensibilityGlobals) = postSolution
		SolutionGuid = {888F05AE-263F-4B50-BF22-4AAD621CA0C0}
	EndGlobalSection
EndGlobal
