
Microsoft Visual Studio Solution File, Format Version 12.00
# Visual Studio Version 16
VisualStudioVersion = 16.0.34301.259
MinimumVisualStudioVersion = 10.0.40219.1
Project("{FAE04EC0-301F-11D3-BF4B-00C04F79EFBC}") = "DateTime", "DateTime\DateTime.csproj", "{83CA4D25-9692-406D-9FE8-69234BA2BD9B}"
EndProject
Global
	GlobalSection(SolutionConfigurationPlatforms) = preSolution
		Debug|Any CPU = Debug|Any CPU
		Release|Any CPU = Release|Any CPU
	EndGlobalSection
	GlobalSection(ProjectConfigurationPlatforms) = postSolution
		{83CA4D25-9692-406D-9FE8-69234BA2BD9B}.Debug|Any CPU.ActiveCfg = Debug|Any CPU
		{83CA4D25-9692-406D-9FE8-69234BA2BD9B}.Debug|Any CPU.Build.0 = Debug|Any CPU
		{83CA4D25-9692-406D-9FE8-69234BA2BD9B}.Release|Any CPU.ActiveCfg = Release|Any CPU
		{83CA4D25-9692-406D-9FE8-69234BA2BD9B}.Release|Any CPU.Build.0 = Release|Any CPU
	EndGlobalSection
	GlobalSection(SolutionProperties) = preSolution
		HideSolutionNode = FALSE
	EndGlobalSection
	GlobalSection(ExtensibilityGlobals) = postSolution
		SolutionGuid = {7EFDECF8-DB16-406A-ABB4-77B62553902D}
	EndGlobalSection
EndGlobal
