
Microsoft Visual Studio Solution File, Format Version 12.00
# Visual Studio Version 16
VisualStudioVersion = 16.0.34301.259
MinimumVisualStudioVersion = 10.0.40219.1
Project("{FAE04EC0-301F-11D3-BF4B-00C04F79EFBC}") = "ef6codefirst", "ef6codefirst\ef6codefirst.csproj", "{B6777287-A78E-4970-8F9E-AC52D762E61C}"
EndProject
Global
	GlobalSection(SolutionConfigurationPlatforms) = preSolution
		Debug|Any CPU = Debug|Any CPU
		Release|Any CPU = Release|Any CPU
	EndGlobalSection
	GlobalSection(ProjectConfigurationPlatforms) = postSolution
		{B6777287-A78E-4970-8F9E-AC52D762E61C}.Debug|Any CPU.ActiveCfg = Debug|Any CPU
		{B6777287-A78E-4970-8F9E-AC52D762E61C}.Debug|Any CPU.Build.0 = Debug|Any CPU
		{B6777287-A78E-4970-8F9E-AC52D762E61C}.Release|Any CPU.ActiveCfg = Release|Any CPU
		{B6777287-A78E-4970-8F9E-AC52D762E61C}.Release|Any CPU.Build.0 = Release|Any CPU
	EndGlobalSection
	GlobalSection(SolutionProperties) = preSolution
		HideSolutionNode = FALSE
	EndGlobalSection
	GlobalSection(ExtensibilityGlobals) = postSolution
		SolutionGuid = {DA6C6915-15A6-41E0-B4B2-0CA0F8C6D773}
	EndGlobalSection
EndGlobal
