
Microsoft Visual Studio Solution File, Format Version 12.00
# Visual Studio Version 16
VisualStudioVersion = 16.0.34301.259
MinimumVisualStudioVersion = 10.0.40219.1
Project("{FAE04EC0-301F-11D3-BF4B-00C04F79EFBC}") = "ConsoleApp1", "ConsoleApp1\ConsoleApp1.csproj", "{77F75205-0D81-4CBD-9A59-7F4E183B3382}"
EndProject
Global
	GlobalSection(SolutionConfigurationPlatforms) = preSolution
		Debug|Any CPU = Debug|Any CPU
		Release|Any CPU = Release|Any CPU
	EndGlobalSection
	GlobalSection(ProjectConfigurationPlatforms) = postSolution
		{77F75205-0D81-4CBD-9A59-7F4E183B3382}.Debug|Any CPU.ActiveCfg = Debug|Any CPU
		{77F75205-0D81-4CBD-9A59-7F4E183B3382}.Debug|Any CPU.Build.0 = Debug|Any CPU
		{77F75205-0D81-4CBD-9A59-7F4E183B3382}.Release|Any CPU.ActiveCfg = Release|Any CPU
		{77F75205-0D81-4CBD-9A59-7F4E183B3382}.Release|Any CPU.Build.0 = Release|Any CPU
	EndGlobalSection
	GlobalSection(SolutionProperties) = preSolution
		HideSolutionNode = FALSE
	EndGlobalSection
	GlobalSection(ExtensibilityGlobals) = postSolution
		SolutionGuid = {9DD8C2CA-35E9-4176-8276-A035EA038701}
	EndGlobalSection
EndGlobal
