
Microsoft Visual Studio Solution File, Format Version 12.00
# Visual Studio Version 16
VisualStudioVersion = 16.0.34301.259
MinimumVisualStudioVersion = 10.0.40219.1
Project("{FAE04EC0-301F-11D3-BF4B-00C04F79EFBC}") = "Operators", "Operators\Operators.csproj", "{21F1DF9B-2224-4294-8990-75CD7098B57B}"
EndProject
Global
	GlobalSection(SolutionConfigurationPlatforms) = preSolution
		Debug|Any CPU = Debug|Any CPU
		Release|Any CPU = Release|Any CPU
	EndGlobalSection
	GlobalSection(ProjectConfigurationPlatforms) = postSolution
		{21F1DF9B-2224-4294-8990-75CD7098B57B}.Debug|Any CPU.ActiveCfg = Debug|Any CPU
		{21F1DF9B-2224-4294-8990-75CD7098B57B}.Debug|Any CPU.Build.0 = Debug|Any CPU
		{21F1DF9B-2224-4294-8990-75CD7098B57B}.Release|Any CPU.ActiveCfg = Release|Any CPU
		{21F1DF9B-2224-4294-8990-75CD7098B57B}.Release|Any CPU.Build.0 = Release|Any CPU
	EndGlobalSection
	GlobalSection(SolutionProperties) = preSolution
		HideSolutionNode = FALSE
	EndGlobalSection
	GlobalSection(ExtensibilityGlobals) = postSolution
		SolutionGuid = {BB06AA0D-C4FB-481E-8047-29BC12FB76B4}
	EndGlobalSection
EndGlobal
